// !$*UTF8*$!
{
	archiveVersion = 1;
	classes = {
	};
	objectVersion = 56;
	objects = {

/* Begin PBXBuildFile section */
		64EAB3EC2CB7EAA70086D81C /* AppDelegate.swift in Sources */ = {isa = PBXBuildFile; fileRef = 64EAB3EB2CB7EAA70086D81C /* AppDelegate.swift */; };
		64EAB3EE2CB7EAA70086D81C /* SceneDelegate.swift in Sources */ = {isa = PBXBuildFile; fileRef = 64EAB3ED2CB7EAA70086D81C /* SceneDelegate.swift */; };
		64EAB3F02CB7EAA70086D81C /* ViewController.swift in Sources */ = {isa = PBXBuildFile; fileRef = 64EAB3EF2CB7EAA70086D81C /* ViewController.swift */; };
		64EAB3F32CB7EAA70086D81C /* Base in Resources */ = {isa = PBXBuildFile; fileRef = 64EAB3F22CB7EAA70086D81C /* Base */; };
		64EAB3F52CB7EAA80086D81C /* Assets.xcassets in Resources */ = {isa = PBXBuildFile; fileRef = 64EAB3F42CB7EAA80086D81C /* Assets.xcassets */; };
		64EAB3F82CB7EAA80086D81C /* Base in Resources */ = {isa = PBXBuildFile; fileRef = 64EAB3F72CB7EAA80086D81C /* Base */; };
		64EAB4012CB7EAD20086D81C /* MainView.swift in Sources */ = {isa = PBXBuildFile; fileRef = 64EAB4002CB7EAD20086D81C /* MainView.swift */; };
		64EAB4192CB7F0690086D81C /* NotificationService.swift in Sources */ = {isa = PBXBuildFile; fileRef = 64EAB4182CB7F0690086D81C /* NotificationService.swift */; };
		64EAB41D2CB7F0690086D81C /* pushExtension.appex in Embed Foundation Extensions */ = {isa = PBXBuildFile; fileRef = 64EAB4162CB7F0690086D81C /* pushExtension.appex */; settings = {ATTRIBUTES = (RemoveHeadersOnCopy, ); }; };
		C22FA09E62D2B30D0BECFE2C /* Pods_CodeMagicTesteroid.framework in Frameworks */ = {isa = PBXBuildFile; fileRef = 179C8B39D96C2B28E67915D6 /* Pods_CodeMagicTesteroid.framework */; };
/* End PBXBuildFile section */

/* Begin PBXContainerItemProxy section */
		64EAB41B2CB7F0690086D81C /* PBXContainerItemProxy */ = {
			isa = PBXContainerItemProxy;
			containerPortal = 64EAB3E02CB7EAA70086D81C /* Project object */;
			proxyType = 1;
			remoteGlobalIDString = 64EAB4152CB7F0690086D81C;
			remoteInfo = pushExtension;
		};
/* End PBXContainerItemProxy section */

/* Begin PBXCopyFilesBuildPhase section */
		64EAB40E2CB7F0360086D81C /* Embed Foundation Extensions */ = {
			isa = PBXCopyFilesBuildPhase;
			buildActionMask = 2147483647;
			dstPath = "";
			dstSubfolderSpec = 13;
			files = (
				64EAB41D2CB7F0690086D81C /* pushExtension.appex in Embed Foundation Extensions */,
			);
			name = "Embed Foundation Extensions";
			runOnlyForDeploymentPostprocessing = 0;
		};
/* End PBXCopyFilesBuildPhase section */

/* Begin PBXFileReference section */
		179C8B39D96C2B28E67915D6 /* Pods_CodeMagicTesteroid.framework */ = {isa = PBXFileReference; explicitFileType = wrapper.framework; includeInIndex = 0; path = Pods_CodeMagicTesteroid.framework; sourceTree = BUILT_PRODUCTS_DIR; };
		64EAB3E82CB7EAA70086D81C /* CodeMagicTesteroid.app */ = {isa = PBXFileReference; explicitFileType = wrapper.application; includeInIndex = 0; path = CodeMagicTesteroid.app; sourceTree = BUILT_PRODUCTS_DIR; };
		64EAB3EB2CB7EAA70086D81C /* AppDelegate.swift */ = {isa = PBXFileReference; lastKnownFileType = sourcecode.swift; path = AppDelegate.swift; sourceTree = "<group>"; };
		64EAB3ED2CB7EAA70086D81C /* SceneDelegate.swift */ = {isa = PBXFileReference; lastKnownFileType = sourcecode.swift; path = SceneDelegate.swift; sourceTree = "<group>"; };
		64EAB3EF2CB7EAA70086D81C /* ViewController.swift */ = {isa = PBXFileReference; lastKnownFileType = sourcecode.swift; path = ViewController.swift; sourceTree = "<group>"; };
		64EAB3F22CB7EAA70086D81C /* Base */ = {isa = PBXFileReference; lastKnownFileType = file.storyboard; name = Base; path = Base.lproj/Main.storyboard; sourceTree = "<group>"; };
		64EAB3F42CB7EAA80086D81C /* Assets.xcassets */ = {isa = PBXFileReference; lastKnownFileType = folder.assetcatalog; path = Assets.xcassets; sourceTree = "<group>"; };
		64EAB3F72CB7EAA80086D81C /* Base */ = {isa = PBXFileReference; lastKnownFileType = file.storyboard; name = Base; path = Base.lproj/LaunchScreen.storyboard; sourceTree = "<group>"; };
		64EAB3F92CB7EAA80086D81C /* Info.plist */ = {isa = PBXFileReference; lastKnownFileType = text.plist.xml; path = Info.plist; sourceTree = "<group>"; };
		64EAB4002CB7EAD20086D81C /* MainView.swift */ = {isa = PBXFileReference; lastKnownFileType = sourcecode.swift; path = MainView.swift; sourceTree = "<group>"; };
		64EAB4162CB7F0690086D81C /* pushExtension.appex */ = {isa = PBXFileReference; explicitFileType = "wrapper.app-extension"; includeInIndex = 0; path = pushExtension.appex; sourceTree = BUILT_PRODUCTS_DIR; };
		64EAB4182CB7F0690086D81C /* NotificationService.swift */ = {isa = PBXFileReference; lastKnownFileType = sourcecode.swift; path = NotificationService.swift; sourceTree = "<group>"; };
		64EAB41A2CB7F0690086D81C /* Info.plist */ = {isa = PBXFileReference; lastKnownFileType = text.plist.xml; path = Info.plist; sourceTree = "<group>"; };
		8981F0136A8DA3863D4F943C /* Pods-CodeMagicTesteroid.release.xcconfig */ = {isa = PBXFileReference; includeInIndex = 1; lastKnownFileType = text.xcconfig; name = "Pods-CodeMagicTesteroid.release.xcconfig"; path = "Target Support Files/Pods-CodeMagicTesteroid/Pods-CodeMagicTesteroid.release.xcconfig"; sourceTree = "<group>"; };
		B709C30E0FFE8A4B97CA48E9 /* Pods-CodeMagicTesteroid.debug.xcconfig */ = {isa = PBXFileReference; includeInIndex = 1; lastKnownFileType = text.xcconfig; name = "Pods-CodeMagicTesteroid.debug.xcconfig"; path = "Target Support Files/Pods-CodeMagicTesteroid/Pods-CodeMagicTesteroid.debug.xcconfig"; sourceTree = "<group>"; };
/* End PBXFileReference section */

/* Begin PBXFrameworksBuildPhase section */
		64EAB3E52CB7EAA70086D81C /* Frameworks */ = {
			isa = PBXFrameworksBuildPhase;
			buildActionMask = 2147483647;
			files = (
				C22FA09E62D2B30D0BECFE2C /* Pods_CodeMagicTesteroid.framework in Frameworks */,
			);
			runOnlyForDeploymentPostprocessing = 0;
		};
		64EAB4132CB7F0690086D81C /* Frameworks */ = {
			isa = PBXFrameworksBuildPhase;
			buildActionMask = 2147483647;
			files = (
			);
			runOnlyForDeploymentPostprocessing = 0;
		};
/* End PBXFrameworksBuildPhase section */

/* Begin PBXGroup section */
		64EAB3DF2CB7EAA70086D81C = {
			isa = PBXGroup;
			children = (
				64EAB3EA2CB7EAA70086D81C /* CodeMagicTesteroid */,
				64EAB4172CB7F0690086D81C /* pushExtension */,
				64EAB3E92CB7EAA70086D81C /* Products */,
				EEC5FAAE41503B2F3EBB4EB3 /* Pods */,
				995C22D2BE238D3F21A3914D /* Frameworks */,
			);
			sourceTree = "<group>";
		};
		64EAB3E92CB7EAA70086D81C /* Products */ = {
			isa = PBXGroup;
			children = (
				64EAB3E82CB7EAA70086D81C /* CodeMagicTesteroid.app */,
				64EAB4162CB7F0690086D81C /* pushExtension.appex */,
			);
			name = Products;
			sourceTree = "<group>";
		};
		64EAB3EA2CB7EAA70086D81C /* CodeMagicTesteroid */ = {
			isa = PBXGroup;
			children = (
				64EAB3EB2CB7EAA70086D81C /* AppDelegate.swift */,
				64EAB3ED2CB7EAA70086D81C /* SceneDelegate.swift */,
				64EAB3EF2CB7EAA70086D81C /* ViewController.swift */,
				64EAB4002CB7EAD20086D81C /* MainView.swift */,
				64EAB3F12CB7EAA70086D81C /* Main.storyboard */,
				64EAB3F42CB7EAA80086D81C /* Assets.xcassets */,
				64EAB3F62CB7EAA80086D81C /* LaunchScreen.storyboard */,
				64EAB3F92CB7EAA80086D81C /* Info.plist */,
			);
			path = CodeMagicTesteroid;
			sourceTree = "<group>";
		};
		64EAB4172CB7F0690086D81C /* pushExtension */ = {
			isa = PBXGroup;
			children = (
				64EAB4182CB7F0690086D81C /* NotificationService.swift */,
				64EAB41A2CB7F0690086D81C /* Info.plist */,
			);
			path = pushExtension;
			sourceTree = "<group>";
		};
		995C22D2BE238D3F21A3914D /* Frameworks */ = {
			isa = PBXGroup;
			children = (
				179C8B39D96C2B28E67915D6 /* Pods_CodeMagicTesteroid.framework */,
			);
			name = Frameworks;
			sourceTree = "<group>";
		};
		EEC5FAAE41503B2F3EBB4EB3 /* Pods */ = {
			isa = PBXGroup;
			children = (
				B709C30E0FFE8A4B97CA48E9 /* Pods-CodeMagicTesteroid.debug.xcconfig */,
				8981F0136A8DA3863D4F943C /* Pods-CodeMagicTesteroid.release.xcconfig */,
			);
			path = Pods;
			sourceTree = "<group>";
		};
/* End PBXGroup section */

/* Begin PBXNativeTarget section */
		64EAB3E72CB7EAA70086D81C /* CodeMagicTesteroid */ = {
			isa = PBXNativeTarget;
			buildConfigurationList = 64EAB3FC2CB7EAA80086D81C /* Build configuration list for PBXNativeTarget "CodeMagicTesteroid" */;
			buildPhases = (
				9EB441C712B79103602AAF43 /* [CP] Check Pods Manifest.lock */,
				64EAB3E42CB7EAA70086D81C /* Sources */,
				64EAB3E52CB7EAA70086D81C /* Frameworks */,
				64EAB3E62CB7EAA70086D81C /* Resources */,
				261CCC9AA7B208A73F4368AB /* [CP] Embed Pods Frameworks */,
				64EAB40E2CB7F0360086D81C /* Embed Foundation Extensions */,
			);
			buildRules = (
			);
			dependencies = (
				64EAB41C2CB7F0690086D81C /* PBXTargetDependency */,
			);
			name = CodeMagicTesteroid;
			productName = CodeMagicTesteroid;
			productReference = 64EAB3E82CB7EAA70086D81C /* CodeMagicTesteroid.app */;
			productType = "com.apple.product-type.application";
		};
		64EAB4152CB7F0690086D81C /* pushExtension */ = {
			isa = PBXNativeTarget;
			buildConfigurationList = 64EAB41E2CB7F0690086D81C /* Build configuration list for PBXNativeTarget "pushExtension" */;
			buildPhases = (
				64EAB4122CB7F0690086D81C /* Sources */,
				64EAB4132CB7F0690086D81C /* Frameworks */,
				64EAB4142CB7F0690086D81C /* Resources */,
			);
			buildRules = (
			);
			dependencies = (
			);
			name = pushExtension;
			productName = pushExtension;
			productReference = 64EAB4162CB7F0690086D81C /* pushExtension.appex */;
			productType = "com.apple.product-type.app-extension";
		};
/* End PBXNativeTarget section */

/* Begin PBXProject section */
		64EAB3E02CB7EAA70086D81C /* Project object */ = {
			isa = PBXProject;
			attributes = {
				BuildIndependentTargetsInParallel = 1;
				LastSwiftUpdateCheck = 1540;
				LastUpgradeCheck = 1540;
				TargetAttributes = {
					64EAB3E72CB7EAA70086D81C = {
						CreatedOnToolsVersion = 15.4;
					};
					64EAB4152CB7F0690086D81C = {
						CreatedOnToolsVersion = 15.4;
					};
				};
			};
			buildConfigurationList = 64EAB3E32CB7EAA70086D81C /* Build configuration list for PBXProject "CodeMagicTesteroid" */;
			compatibilityVersion = "Xcode 14.0";
			developmentRegion = en;
			hasScannedForEncodings = 0;
			knownRegions = (
				en,
				Base,
			);
			mainGroup = 64EAB3DF2CB7EAA70086D81C;
			productRefGroup = 64EAB3E92CB7EAA70086D81C /* Products */;
			projectDirPath = "";
			projectRoot = "";
			targets = (
				64EAB3E72CB7EAA70086D81C /* CodeMagicTesteroid */,
				64EAB4152CB7F0690086D81C /* pushExtension */,
			);
		};
/* End PBXProject section */

/* Begin PBXResourcesBuildPhase section */
		64EAB3E62CB7EAA70086D81C /* Resources */ = {
			isa = PBXResourcesBuildPhase;
			buildActionMask = 2147483647;
			files = (
				64EAB3F52CB7EAA80086D81C /* Assets.xcassets in Resources */,
				64EAB3F82CB7EAA80086D81C /* Base in Resources */,
				64EAB3F32CB7EAA70086D81C /* Base in Resources */,
			);
			runOnlyForDeploymentPostprocessing = 0;
		};
		64EAB4142CB7F0690086D81C /* Resources */ = {
			isa = PBXResourcesBuildPhase;
			buildActionMask = 2147483647;
			files = (
			);
			runOnlyForDeploymentPostprocessing = 0;
		};
/* End PBXResourcesBuildPhase section */

/* Begin PBXShellScriptBuildPhase section */
		261CCC9AA7B208A73F4368AB /* [CP] Embed Pods Frameworks */ = {
			isa = PBXShellScriptBuildPhase;
			buildActionMask = 2147483647;
			files = (
			);
			inputFileListPaths = (
				"${PODS_ROOT}/Target Support Files/Pods-CodeMagicTesteroid/Pods-CodeMagicTesteroid-frameworks-${CONFIGURATION}-input-files.xcfilelist",
			);
			name = "[CP] Embed Pods Frameworks";
			outputFileListPaths = (
				"${PODS_ROOT}/Target Support Files/Pods-CodeMagicTesteroid/Pods-CodeMagicTesteroid-frameworks-${CONFIGURATION}-output-files.xcfilelist",
			);
			runOnlyForDeploymentPostprocessing = 0;
			shellPath = /bin/sh;
			shellScript = "\"${PODS_ROOT}/Target Support Files/Pods-CodeMagicTesteroid/Pods-CodeMagicTesteroid-frameworks.sh\"\n";
			showEnvVarsInLog = 0;
		};
		9EB441C712B79103602AAF43 /* [CP] Check Pods Manifest.lock */ = {
			isa = PBXShellScriptBuildPhase;
			buildActionMask = 2147483647;
			files = (
			);
			inputFileListPaths = (
			);
			inputPaths = (
				"${PODS_PODFILE_DIR_PATH}/Podfile.lock",
				"${PODS_ROOT}/Manifest.lock",
			);
			name = "[CP] Check Pods Manifest.lock";
			outputFileListPaths = (
			);
			outputPaths = (
				"$(DERIVED_FILE_DIR)/Pods-CodeMagicTesteroid-checkManifestLockResult.txt",
			);
			runOnlyForDeploymentPostprocessing = 0;
			shellPath = /bin/sh;
			shellScript = "diff \"${PODS_PODFILE_DIR_PATH}/Podfile.lock\" \"${PODS_ROOT}/Manifest.lock\" > /dev/null\nif [ $? != 0 ] ; then\n    # print error to STDERR\n    echo \"error: The sandbox is not in sync with the Podfile.lock. Run 'pod install' or update your CocoaPods installation.\" >&2\n    exit 1\nfi\n# This output is used by Xcode 'outputs' to avoid re-running this script phase.\necho \"SUCCESS\" > \"${SCRIPT_OUTPUT_FILE_0}\"\n";
			showEnvVarsInLog = 0;
		};
/* End PBXShellScriptBuildPhase section */

/* Begin PBXSourcesBuildPhase section */
		64EAB3E42CB7EAA70086D81C /* Sources */ = {
			isa = PBXSourcesBuildPhase;
			buildActionMask = 2147483647;
			files = (
				64EAB3F02CB7EAA70086D81C /* ViewController.swift in Sources */,
				64EAB4012CB7EAD20086D81C /* MainView.swift in Sources */,
				64EAB3EC2CB7EAA70086D81C /* AppDelegate.swift in Sources */,
				64EAB3EE2CB7EAA70086D81C /* SceneDelegate.swift in Sources */,
			);
			runOnlyForDeploymentPostprocessing = 0;
		};
		64EAB4122CB7F0690086D81C /* Sources */ = {
			isa = PBXSourcesBuildPhase;
			buildActionMask = 2147483647;
			files = (
				64EAB4192CB7F0690086D81C /* NotificationService.swift in Sources */,
			);
			runOnlyForDeploymentPostprocessing = 0;
		};
/* End PBXSourcesBuildPhase section */

/* Begin PBXTargetDependency section */
		64EAB41C2CB7F0690086D81C /* PBXTargetDependency */ = {
			isa = PBXTargetDependency;
			target = 64EAB4152CB7F0690086D81C /* pushExtension */;
			targetProxy = 64EAB41B2CB7F0690086D81C /* PBXContainerItemProxy */;
		};
/* End PBXTargetDependency section */

/* Begin PBXVariantGroup section */
		64EAB3F12CB7EAA70086D81C /* Main.storyboard */ = {
			isa = PBXVariantGroup;
			children = (
				64EAB3F22CB7EAA70086D81C /* Base */,
			);
			name = Main.storyboard;
			sourceTree = "<group>";
		};
		64EAB3F62CB7EAA80086D81C /* LaunchScreen.storyboard */ = {
			isa = PBXVariantGroup;
			children = (
				64EAB3F72CB7EAA80086D81C /* Base */,
			);
			name = LaunchScreen.storyboard;
			sourceTree = "<group>";
		};
/* End PBXVariantGroup section */

/* Begin XCBuildConfiguration section */
		64EAB3FA2CB7EAA80086D81C /* Debug */ = {
			isa = XCBuildConfiguration;
			buildSettings = {
				ALWAYS_SEARCH_USER_PATHS = NO;
				ASSETCATALOG_COMPILER_GENERATE_SWIFT_ASSET_SYMBOL_EXTENSIONS = YES;
				CLANG_ANALYZER_NONNULL = YES;
				CLANG_ANALYZER_NUMBER_OBJECT_CONVERSION = YES_AGGRESSIVE;
				CLANG_CXX_LANGUAGE_STANDARD = "gnu++20";
				CLANG_ENABLE_MODULES = YES;
				CLANG_ENABLE_OBJC_ARC = YES;
				CLANG_ENABLE_OBJC_WEAK = YES;
				CLANG_WARN_BLOCK_CAPTURE_AUTORELEASING = YES;
				CLANG_WARN_BOOL_CONVERSION = YES;
				CLANG_WARN_COMMA = YES;
				CLANG_WARN_CONSTANT_CONVERSION = YES;
				CLANG_WARN_DEPRECATED_OBJC_IMPLEMENTATIONS = YES;
				CLANG_WARN_DIRECT_OBJC_ISA_USAGE = YES_ERROR;
				CLANG_WARN_DOCUMENTATION_COMMENTS = YES;
				CLANG_WARN_EMPTY_BODY = YES;
				CLANG_WARN_ENUM_CONVERSION = YES;
				CLANG_WARN_INFINITE_RECURSION = YES;
				CLANG_WARN_INT_CONVERSION = YES;
				CLANG_WARN_NON_LITERAL_NULL_CONVERSION = YES;
				CLANG_WARN_OBJC_IMPLICIT_RETAIN_SELF = YES;
				CLANG_WARN_OBJC_LITERAL_CONVERSION = YES;
				CLANG_WARN_OBJC_ROOT_CLASS = YES_ERROR;
				CLANG_WARN_QUOTED_INCLUDE_IN_FRAMEWORK_HEADER = YES;
				CLANG_WARN_RANGE_LOOP_ANALYSIS = YES;
				CLANG_WARN_STRICT_PROTOTYPES = YES;
				CLANG_WARN_SUSPICIOUS_MOVE = YES;
				CLANG_WARN_UNGUARDED_AVAILABILITY = YES_AGGRESSIVE;
				CLANG_WARN_UNREACHABLE_CODE = YES;
				CLANG_WARN__DUPLICATE_METHOD_MATCH = YES;
				COPY_PHASE_STRIP = NO;
				DEBUG_INFORMATION_FORMAT = dwarf;
				ENABLE_STRICT_OBJC_MSGSEND = YES;
				ENABLE_TESTABILITY = YES;
				ENABLE_USER_SCRIPT_SANDBOXING = NO;
				GCC_C_LANGUAGE_STANDARD = gnu17;
				GCC_DYNAMIC_NO_PIC = NO;
				GCC_NO_COMMON_BLOCKS = YES;
				GCC_OPTIMIZATION_LEVEL = 0;
				GCC_PREPROCESSOR_DEFINITIONS = (
					"DEBUG=1",
					"$(inherited)",
				);
				GCC_WARN_64_TO_32_BIT_CONVERSION = YES;
				GCC_WARN_ABOUT_RETURN_TYPE = YES_ERROR;
				GCC_WARN_UNDECLARED_SELECTOR = YES;
				GCC_WARN_UNINITIALIZED_AUTOS = YES_AGGRESSIVE;
				GCC_WARN_UNUSED_FUNCTION = YES;
				GCC_WARN_UNUSED_VARIABLE = YES;
				IPHONEOS_DEPLOYMENT_TARGET = 17.5;
				LOCALIZATION_PREFERS_STRING_CATALOGS = YES;
				MTL_ENABLE_DEBUG_INFO = INCLUDE_SOURCE;
				MTL_FAST_MATH = YES;
				ONLY_ACTIVE_ARCH = YES;
				SDKROOT = iphoneos;
				SWIFT_ACTIVE_COMPILATION_CONDITIONS = "DEBUG $(inherited)";
				SWIFT_OPTIMIZATION_LEVEL = "-Onone";
			};
			name = Debug;
		};
		64EAB3FB2CB7EAA80086D81C /* Release */ = {
			isa = XCBuildConfiguration;
			buildSettings = {
				ALWAYS_SEARCH_USER_PATHS = NO;
				ASSETCATALOG_COMPILER_GENERATE_SWIFT_ASSET_SYMBOL_EXTENSIONS = YES;
				CLANG_ANALYZER_NONNULL = YES;
				CLANG_ANALYZER_NUMBER_OBJECT_CONVERSION = YES_AGGRESSIVE;
				CLANG_CXX_LANGUAGE_STANDARD = "gnu++20";
				CLANG_ENABLE_MODULES = YES;
				CLANG_ENABLE_OBJC_ARC = YES;
				CLANG_ENABLE_OBJC_WEAK = YES;
				CLANG_WARN_BLOCK_CAPTURE_AUTORELEASING = YES;
				CLANG_WARN_BOOL_CONVERSION = YES;
				CLANG_WARN_COMMA = YES;
				CLANG_WARN_CONSTANT_CONVERSION = YES;
				CLANG_WARN_DEPRECATED_OBJC_IMPLEMENTATIONS = YES;
				CLANG_WARN_DIRECT_OBJC_ISA_USAGE = YES_ERROR;
				CLANG_WARN_DOCUMENTATION_COMMENTS = YES;
				CLANG_WARN_EMPTY_BODY = YES;
				CLANG_WARN_ENUM_CONVERSION = YES;
				CLANG_WARN_INFINITE_RECURSION = YES;
				CLANG_WARN_INT_CONVERSION = YES;
				CLANG_WARN_NON_LITERAL_NULL_CONVERSION = YES;
				CLANG_WARN_OBJC_IMPLICIT_RETAIN_SELF = YES;
				CLANG_WARN_OBJC_LITERAL_CONVERSION = YES;
				CLANG_WARN_OBJC_ROOT_CLASS = YES_ERROR;
				CLANG_WARN_QUOTED_INCLUDE_IN_FRAMEWORK_HEADER = YES;
				CLANG_WARN_RANGE_LOOP_ANALYSIS = YES;
				CLANG_WARN_STRICT_PROTOTYPES = YES;
				CLANG_WARN_SUSPICIOUS_MOVE = YES;
				CLANG_WARN_UNGUARDED_AVAILABILITY = YES_AGGRESSIVE;
				CLANG_WARN_UNREACHABLE_CODE = YES;
				CLANG_WARN__DUPLICATE_METHOD_MATCH = YES;
				COPY_PHASE_STRIP = NO;
				DEBUG_INFORMATION_FORMAT = "dwarf-with-dsym";
				ENABLE_NS_ASSERTIONS = NO;
				ENABLE_STRICT_OBJC_MSGSEND = YES;
				ENABLE_USER_SCRIPT_SANDBOXING = NO;
				GCC_C_LANGUAGE_STANDARD = gnu17;
				GCC_NO_COMMON_BLOCKS = YES;
				GCC_WARN_64_TO_32_BIT_CONVERSION = YES;
				GCC_WARN_ABOUT_RETURN_TYPE = YES_ERROR;
				GCC_WARN_UNDECLARED_SELECTOR = YES;
				GCC_WARN_UNINITIALIZED_AUTOS = YES_AGGRESSIVE;
				GCC_WARN_UNUSED_FUNCTION = YES;
				GCC_WARN_UNUSED_VARIABLE = YES;
				IPHONEOS_DEPLOYMENT_TARGET = 17.5;
				LOCALIZATION_PREFERS_STRING_CATALOGS = YES;
				MTL_ENABLE_DEBUG_INFO = NO;
				MTL_FAST_MATH = YES;
				SDKROOT = iphoneos;
				SWIFT_COMPILATION_MODE = wholemodule;
				VALIDATE_PRODUCT = YES;
			};
			name = Release;
		};
		64EAB3FD2CB7EAA80086D81C /* Debug */ = {
			isa = XCBuildConfiguration;
			baseConfigurationReference = B709C30E0FFE8A4B97CA48E9 /* Pods-CodeMagicTesteroid.debug.xcconfig */;
			buildSettings = {
				ALWAYS_EMBED_SWIFT_STANDARD_LIBRARIES = YES;
				ASSETCATALOG_COMPILER_APPICON_NAME = AppIcon;
				ASSETCATALOG_COMPILER_GLOBAL_ACCENT_COLOR_NAME = AccentColor;
				CODE_SIGN_STYLE = Manual;
				CURRENT_PROJECT_VERSION = 1;
				DEVELOPMENT_TEAM = "";
				GENERATE_INFOPLIST_FILE = YES;
				INFOPLIST_FILE = CodeMagicTesteroid/Info.plist;
				INFOPLIST_KEY_UIApplicationSupportsIndirectInputEvents = YES;
				INFOPLIST_KEY_UILaunchStoryboardName = LaunchScreen;
				INFOPLIST_KEY_UIMainStoryboardFile = Main;
				INFOPLIST_KEY_UISupportedInterfaceOrientations = UIInterfaceOrientationPortrait;
				INFOPLIST_KEY_UISupportedInterfaceOrientations_iPad = "UIInterfaceOrientationLandscapeLeft UIInterfaceOrientationLandscapeRight UIInterfaceOrientationPortrait UIInterfaceOrientationPortraitUpsideDown";
				IPHONEOS_DEPLOYMENT_TARGET = 16.0;
				LD_RUNPATH_SEARCH_PATHS = (
					"$(inherited)",
					"@executable_path/Frameworks",
				);
				MARKETING_VERSION = 1.0;
				PRODUCT_BUNDLE_IDENTIFIER = com.CodeMagicTesteroid;
				PRODUCT_NAME = "$(TARGET_NAME)";
				PROVISIONING_PROFILE_SPECIFIER = "";
				SUPPORTED_PLATFORMS = "iphoneos iphonesimulator";
				SUPPORTS_MACCATALYST = NO;
				SUPPORTS_MAC_DESIGNED_FOR_IPHONE_IPAD = NO;
				SUPPORTS_XR_DESIGNED_FOR_IPHONE_IPAD = NO;
				SWIFT_EMIT_LOC_STRINGS = YES;
				SWIFT_VERSION = 5.0;
				TARGETED_DEVICE_FAMILY = 1;
			};
			name = Debug;
		};
		64EAB3FE2CB7EAA80086D81C /* Release */ = {
			isa = XCBuildConfiguration;
			baseConfigurationReference = 8981F0136A8DA3863D4F943C /* Pods-CodeMagicTesteroid.release.xcconfig */;
			buildSettings = {
				ALWAYS_EMBED_SWIFT_STANDARD_LIBRARIES = YES;
				ASSETCATALOG_COMPILER_APPICON_NAME = AppIcon;
				ASSETCATALOG_COMPILER_GLOBAL_ACCENT_COLOR_NAME = AccentColor;
				CODE_SIGN_STYLE = Manual;
				CURRENT_PROJECT_VERSION = 1;
				DEVELOPMENT_TEAM = "";
				GENERATE_INFOPLIST_FILE = YES;
				INFOPLIST_FILE = CodeMagicTesteroid/Info.plist;
				INFOPLIST_KEY_UIApplicationSupportsIndirectInputEvents = YES;
				INFOPLIST_KEY_UILaunchStoryboardName = LaunchScreen;
				INFOPLIST_KEY_UIMainStoryboardFile = Main;
				INFOPLIST_KEY_UISupportedInterfaceOrientations = UIInterfaceOrientationPortrait;
				INFOPLIST_KEY_UISupportedInterfaceOrientations_iPad = "UIInterfaceOrientationLandscapeLeft UIInterfaceOrientationLandscapeRight UIInterfaceOrientationPortrait UIInterfaceOrientationPortraitUpsideDown";
				IPHONEOS_DEPLOYMENT_TARGET = 16.0;
				LD_RUNPATH_SEARCH_PATHS = (
					"$(inherited)",
					"@executable_path/Frameworks",
				);
				MARKETING_VERSION = 1.0;
				PRODUCT_BUNDLE_IDENTIFIER = com.CodeMagicTesteroid;
				PRODUCT_NAME = "$(TARGET_NAME)";
				PROVISIONING_PROFILE_SPECIFIER = "";
				SUPPORTED_PLATFORMS = "iphoneos iphonesimulator";
				SUPPORTS_MACCATALYST = NO;
				SUPPORTS_MAC_DESIGNED_FOR_IPHONE_IPAD = NO;
				SUPPORTS_XR_DESIGNED_FOR_IPHONE_IPAD = NO;
				SWIFT_EMIT_LOC_STRINGS = YES;
				SWIFT_VERSION = 5.0;
				TARGETED_DEVICE_FAMILY = 1;
			};
			name = Release;
		};
		64EAB41F2CB7F0690086D81C /* Debug */ = {
			isa = XCBuildConfiguration;
			buildSettings = {
				CODE_SIGN_STYLE = Manual;
				CURRENT_PROJECT_VERSION = 1;
				DEVELOPMENT_TEAM = "";
				ENABLE_USER_SCRIPT_SANDBOXING = YES;
				GENERATE_INFOPLIST_FILE = YES;
				INFOPLIST_FILE = pushExtension/Info.plist;
				INFOPLIST_KEY_CFBundleDisplayName = pushExtension;
				INFOPLIST_KEY_NSHumanReadableCopyright = "";
				LD_RUNPATH_SEARCH_PATHS = (
					"$(inherited)",
					"@executable_path/Frameworks",
					"@executable_path/../../Frameworks",
				);
				MARKETING_VERSION = 1.0;
				PRODUCT_BUNDLE_IDENTIFIER = com.CodeMagicTesteroid.pushExtension;
				PRODUCT_NAME = "$(TARGET_NAME)";
				PROVISIONING_PROFILE_SPECIFIER = "";
				SKIP_INSTALL = YES;
				SWIFT_EMIT_LOC_STRINGS = YES;
				SWIFT_VERSION = 5.0;
				TARGETED_DEVICE_FAMILY = "1,2";
			};
			name = Debug;
		};
		64EAB4202CB7F0690086D81C /* Release */ = {
			isa = XCBuildConfiguration;
			buildSettings = {
				CODE_SIGN_STYLE = Manual;
				CURRENT_PROJECT_VERSION = 1;
				DEVELOPMENT_TEAM = "";
				ENABLE_USER_SCRIPT_SANDBOXING = YES;
				GENERATE_INFOPLIST_FILE = YES;
				INFOPLIST_FILE = pushExtension/Info.plist;
				INFOPLIST_KEY_CFBundleDisplayName = pushExtension;
				INFOPLIST_KEY_NSHumanReadableCopyright = "";
				LD_RUNPATH_SEARCH_PATHS = (
					"$(inherited)",
					"@executable_path/Frameworks",
					"@executable_path/../../Frameworks",
				);
				MARKETING_VERSION = 1.0;
				PRODUCT_BUNDLE_IDENTIFIER = com.CodeMagicTesteroid.pushExtension;
				PRODUCT_NAME = "$(TARGET_NAME)";
				PROVISIONING_PROFILE_SPECIFIER = "";
				SKIP_INSTALL = YES;
				SWIFT_EMIT_LOC_STRINGS = YES;
				SWIFT_VERSION = 5.0;
				TARGETED_DEVICE_FAMILY = "1,2";
			};
			name = Release;
		};
/* End XCBuildConfiguration section */

/* Begin XCConfigurationList section */
		64EAB3E32CB7EAA70086D81C /* Build configuration list for PBXProject "CodeMagicTesteroid" */ = {
			isa = XCConfigurationList;
			buildConfigurations = (
				64EAB3FA2CB7EAA80086D81C /* Debug */,
				64EAB3FB2CB7EAA80086D81C /* Release */,
			);
			defaultConfigurationIsVisible = 0;
			defaultConfigurationName = Release;
		};
		64EAB3FC2CB7EAA80086D81C /* Build configuration list for PBXNativeTarget "CodeMagicTesteroid" */ = {
			isa = XCConfigurationList;
			buildConfigurations = (
				64EAB3FD2CB7EAA80086D81C /* Debug */,
				64EAB3FE2CB7EAA80086D81C /* Release */,
			);
			defaultConfigurationIsVisible = 0;
			defaultConfigurationName = Release;
		};
		64EAB41E2CB7F0690086D81C /* Build configuration list for PBXNativeTarget "pushExtension" */ = {
			isa = XCConfigurationList;
			buildConfigurations = (
				64EAB41F2CB7F0690086D81C /* Debug */,
				64EAB4202CB7F0690086D81C /* Release */,
			);
			defaultConfigurationIsVisible = 0;
			defaultConfigurationName = Release;
		};
/* End XCConfigurationList section */
	};
	rootObject = 64EAB3E02CB7EAA70086D81C /* Project object */;
}
